# This file is automatically @generated by Cargo.
# It is not intended for manual editing.
version = 3

[[package]]
name = "PrintLib"
version = "1.3.2"
source = "registry+https://github.com/rust-lang/crates.io-index"
checksum = "5b443b0e6127c556c1d1779e32bff145c3826277383f18d73c6762c58a83ed10"
dependencies = [
 "chrono",
 "colored",
]

[[package]]
name = "android-tzdata"
version = "0.1.1"
source = "registry+https://github.com/rust-lang/crates.io-index"
checksum = "e999941b234f3131b00bc13c22d06e8c5ff726d1b6318ac7eb276997bbb4fef0"

[[package]]
name = "android_system_properties"
version = "0.1.5"
source = "registry+https://github.com/rust-lang/crates.io-index"
checksum = "819e7219dbd41043ac279b19830f2efc897156490d7fd6ea916720117ee66311"
dependencies = [
 "libc",
]

[[package]]
name = "arg"
version = "0.4.1"
source = "registry+https://github.com/rust-lang/crates.io-index"
checksum = "568bbed0b9810cd4b43c8560ff3c5d2318b29d78fc314818d156bbed7075d394"
dependencies = [
 "arg-derive",
]

[[package]]
name = "arg-derive"
version = "0.4.1"
source = "registry+https://github.com/rust-lang/crates.io-index"
checksum = "849efc162c06e51ce911bf4fe702f62a08f3b6ebbbfc5178e86c6bae449c2c60"
dependencies = [
 "quote",
 "syn 1.0.109",
 "tabwriter",
]

[[package]]
name = "autocfg"
version = "1.1.0"
source = "registry+https://github.com/rust-lang/crates.io-index"
checksum = "d468802bab17cbc0cc575e9b053f41e72aa36bfa6b7f55e3529ffa43161b97fa"

[[package]]
name = "bumpalo"
version = "3.15.3"
source = "registry+https://github.com/rust-lang/crates.io-index"
checksum = "8ea184aa71bb362a1157c896979544cc23974e08fd265f29ea96b59f0b4a555b"

[[package]]
name = "cc"
version = "1.0.88"
source = "registry+https://github.com/rust-lang/crates.io-index"
checksum = "02f341c093d19155a6e41631ce5971aac4e9a868262212153124c15fa22d1cdc"

[[package]]
name = "cfg-if"
version = "1.0.0"
source = "registry+https://github.com/rust-lang/crates.io-index"
checksum = "baf1de4339761588bc0619e3cbc0120ee582ebb74b53b4efbf79117bd2da40fd"

[[package]]
name = "chrono"
version = "0.4.34"
source = "registry+https://github.com/rust-lang/crates.io-index"
checksum = "5bc015644b92d5890fab7489e49d21f879d5c990186827d42ec511919404f38b"
dependencies = [
 "android-tzdata",
 "iana-time-zone",
 "js-sys",
 "num-traits",
 "wasm-bindgen",
 "windows-targets 0.52.4",
]

[[package]]
name = "colored"
version = "2.1.0"
source = "registry+https://github.com/rust-lang/crates.io-index"
checksum = "cbf2150cce219b664a8a70df7a1f933836724b503f8a413af9365b4dcc4d90b8"
dependencies = [
 "lazy_static",
 "windows-sys",
]

[[package]]
name = "core-foundation-sys"
version = "0.8.6"
source = "registry+https://github.com/rust-lang/crates.io-index"
checksum = "06ea2b9bc92be3c2baa9334a323ebca2d6f074ff852cd1d7b11064035cd3868f"

[[package]]
name = "cpack"
version = "0.1.0"
dependencies = [
 "PrintLib",
 "arg",
 "serde",
 "serde_json",
 "toml",
]

[[package]]
name = "equivalent"
version = "1.0.1"
source = "registry+https://github.com/rust-lang/crates.io-index"
checksum = "5443807d6dff69373d433ab9ef5378ad8df50ca6298caf15de6e52e24aaf54d5"

[[package]]
name = "hashbrown"
version = "0.14.3"
source = "registry+https://github.com/rust-lang/crates.io-index"
checksum = "290f1a1d9242c78d09ce40a5e87e7554ee637af1351968159f4952f028f75604"

[[package]]
name = "iana-time-zone"
version = "0.1.60"
source = "registry+https://github.com/rust-lang/crates.io-index"
checksum = "e7ffbb5a1b541ea2561f8c41c087286cc091e21e556a4f09a8f6cbf17b69b141"
dependencies = [
 "android_system_properties",
 "core-foundation-sys",
 "iana-time-zone-haiku",
 "js-sys",
 "wasm-bindgen",
 "windows-core",
]

[[package]]
name = "iana-time-zone-haiku"
version = "0.1.2"
source = "registry+https://github.com/rust-lang/crates.io-index"
checksum = "f31827a206f56af32e590ba56d5d2d085f558508192593743f16b2306495269f"
dependencies = [
 "cc",
]

[[package]]
name = "indexmap"
version = "2.2.5"
source = "registry+https://github.com/rust-lang/crates.io-index"
checksum = "7b0b929d511467233429c45a44ac1dcaa21ba0f5ba11e4879e6ed28ddb4f9df4"
dependencies = [
 "equivalent",
 "hashbrown",
]

[[package]]
name = "itoa"
version = "1.0.10"
source = "registry+https://github.com/rust-lang/crates.io-index"
checksum = "b1a46d1a171d865aa5f83f92695765caa047a9b4cbae2cbf37dbd613a793fd4c"

[[package]]
name = "js-sys"
version = "0.3.68"
source = "registry+https://github.com/rust-lang/crates.io-index"
checksum = "406cda4b368d531c842222cf9d2600a9a4acce8d29423695379c6868a143a9ee"
dependencies = [
 "wasm-bindgen",
]

[[package]]
name = "lazy_static"
version = "1.4.0"
source = "registry+https://github.com/rust-lang/crates.io-index"
checksum = "e2abad23fbc42b3700f2f279844dc832adb2b2eb069b2df918f455c4e18cc646"

[[package]]
name = "libc"
version = "0.2.153"
source = "registry+https://github.com/rust-lang/crates.io-index"
checksum = "9c198f91728a82281a64e1f4f9eeb25d82cb32a5de251c6bd1b5154d63a8e7bd"

[[package]]
name = "log"
version = "0.4.21"
source = "registry+https://github.com/rust-lang/crates.io-index"
checksum = "90ed8c1e510134f979dbc4f070f87d4313098b704861a105fe34231c70a3901c"

[[package]]
name = "memchr"
version = "2.7.1"
source = "registry+https://github.com/rust-lang/crates.io-index"
checksum = "523dc4f511e55ab87b694dc30d0f820d60906ef06413f93d4d7a1385599cc149"

[[package]]
name = "num-traits"
version = "0.2.18"
source = "registry+https://github.com/rust-lang/crates.io-index"
checksum = "da0df0e5185db44f69b44f26786fe401b6c293d1907744beaa7fa62b2e5a517a"
dependencies = [
 "autocfg",
]

[[package]]
name = "once_cell"
version = "1.19.0"
source = "registry+https://github.com/rust-lang/crates.io-index"
checksum = "3fdb12b2476b595f9358c5161aa467c2438859caa136dec86c26fdd2efe17b92"

[[package]]
name = "proc-macro2"
version = "1.0.78"
source = "registry+https://github.com/rust-lang/crates.io-index"
checksum = "e2422ad645d89c99f8f3e6b88a9fdeca7fabeac836b1002371c4367c8f984aae"
dependencies = [
 "unicode-ident",
]

[[package]]
name = "quote"
version = "1.0.35"
source = "registry+https://github.com/rust-lang/crates.io-index"
checksum = "291ec9ab5efd934aaf503a6466c5d5251535d108ee747472c3977cc5acc868ef"
dependencies = [
 "proc-macro2",
]

[[package]]
name = "ryu"
version = "1.0.17"
source = "registry+https://github.com/rust-lang/crates.io-index"
checksum = "e86697c916019a8588c99b5fac3cead74ec0b4b819707a682fd4d23fa0ce1ba1"

[[package]]
name = "serde"
version = "1.0.197"
source = "registry+https://github.com/rust-lang/crates.io-index"
checksum = "3fb1c873e1b9b056a4dc4c0c198b24c3ffa059243875552b2bd0933b1aee4ce2"
dependencies = [
 "serde_derive",
]

[[package]]
name = "serde_derive"
version = "1.0.197"
source = "registry+https://github.com/rust-lang/crates.io-index"
checksum = "7eb0b34b42edc17f6b7cac84a52a1c5f0e1bb2227e997ca9011ea3dd34e8610b"
dependencies = [
 "proc-macro2",
 "quote",
 "syn 2.0.52",
]

[[package]]
name = "serde_json"
version = "1.0.114"
source = "registry+https://github.com/rust-lang/crates.io-index"
checksum = "c5f09b1bd632ef549eaa9f60a1f8de742bdbc698e6cee2095fc84dde5f549ae0"
dependencies = [
 "itoa",
 "ryu",
 "serde",
]

[[package]]
name = "serde_spanned"
version = "0.6.5"
source = "registry+https://github.com/rust-lang/crates.io-index"
checksum = "eb3622f419d1296904700073ea6cc23ad690adbd66f13ea683df73298736f0c1"
dependencies = [
 "serde",
]

[[package]]
name = "syn"
version = "1.0.109"
source = "registry+https://github.com/rust-lang/crates.io-index"
checksum = "72b64191b275b66ffe2469e8af2c1cfe3bafa67b529ead792a6d0160888b4237"
dependencies = [
 "proc-macro2",
 "quote",
 "unicode-ident",
]

[[package]]
name = "syn"
version = "2.0.52"
source = "registry+https://github.com/rust-lang/crates.io-index"
checksum = "b699d15b36d1f02c3e7c69f8ffef53de37aefae075d8488d4ba1a7788d574a07"
dependencies = [
 "proc-macro2",
 "quote",
 "unicode-ident",
]

[[package]]
name = "tabwriter"
version = "1.4.0"
source = "registry+https://github.com/rust-lang/crates.io-index"
checksum = "a327282c4f64f6dc37e3bba4c2b6842cc3a992f204fa58d917696a89f691e5f6"
dependencies = [
 "unicode-width",
]

[[package]]
name = "toml"
version = "0.8.10"
source = "registry+https://github.com/rust-lang/crates.io-index"
checksum = "9a9aad4a3066010876e8dcf5a8a06e70a558751117a145c6ce2b82c2e2054290"
dependencies = [
 "serde",
 "serde_spanned",
 "toml_datetime",
 "toml_edit",
]

[[package]]
name = "toml_datetime"
version = "0.6.5"
source = "registry+https://github.com/rust-lang/crates.io-index"
checksum = "3550f4e9685620ac18a50ed434eb3aec30db8ba93b0287467bca5826ea25baf1"
dependencies = [
 "serde",
]

[[package]]
name = "toml_edit"
version = "0.22.6"
source = "registry+https://github.com/rust-lang/crates.io-index"
checksum = "2c1b5fd4128cc8d3e0cb74d4ed9a9cc7c7284becd4df68f5f940e1ad123606f6"
dependencies = [
 "indexmap",
 "serde",
 "serde_spanned",
 "toml_datetime",
 "winnow",
]

[[package]]
name = "unicode-ident"
version = "1.0.12"
source = "registry+https://github.com/rust-lang/crates.io-index"
checksum = "3354b9ac3fae1ff6755cb6db53683adb661634f67557942dea4facebec0fee4b"

[[package]]
name = "unicode-width"
version = "0.1.11"
source = "registry+https://github.com/rust-lang/crates.io-index"
checksum = "e51733f11c9c4f72aa0c160008246859e340b00807569a0da0e7a1079b27ba85"

[[package]]
name = "wasm-bindgen"
version = "0.2.91"
source = "registry+https://github.com/rust-lang/crates.io-index"
checksum = "c1e124130aee3fb58c5bdd6b639a0509486b0338acaaae0c84a5124b0f588b7f"
dependencies = [
 "cfg-if",
 "wasm-bindgen-macro",
]

[[package]]
name = "wasm-bindgen-backend"
version = "0.2.91"
source = "registry+https://github.com/rust-lang/crates.io-index"
checksum = "c9e7e1900c352b609c8488ad12639a311045f40a35491fb69ba8c12f758af70b"
dependencies = [
 "bumpalo",
 "log",
 "once_cell",
 "proc-macro2",
 "quote",
 "syn 2.0.52",
 "wasm-bindgen-shared",
]

[[package]]
name = "wasm-bindgen-macro"
version = "0.2.91"
source = "registry+https://github.com/rust-lang/crates.io-index"
checksum = "b30af9e2d358182b5c7449424f017eba305ed32a7010509ede96cdc4696c46ed"
dependencies = [
 "quote",
 "wasm-bindgen-macro-support",
]

[[package]]
name = "wasm-bindgen-macro-support"
version = "0.2.91"
source = "registry+https://github.com/rust-lang/crates.io-index"
checksum = "642f325be6301eb8107a83d12a8ac6c1e1c54345a7ef1a9261962dfefda09e66"
dependencies = [
 "proc-macro2",
 "quote",
 "syn 2.0.52",
 "wasm-bindgen-backend",
 "wasm-bindgen-shared",
]

[[package]]
name = "wasm-bindgen-shared"
version = "0.2.91"
source = "registry+https://github.com/rust-lang/crates.io-index"
checksum = "4f186bd2dcf04330886ce82d6f33dd75a7bfcf69ecf5763b89fcde53b6ac9838"

[[package]]
name = "windows-core"
version = "0.52.0"
source = "registry+https://github.com/rust-lang/crates.io-index"
checksum = "33ab640c8d7e35bf8ba19b884ba838ceb4fba93a4e8c65a9059d08afcfc683d9"
dependencies = [
 "windows-targets 0.52.4",
]

[[package]]
name = "windows-sys"
version = "0.48.0"
source = "registry+https://github.com/rust-lang/crates.io-index"
checksum = "677d2418bec65e3338edb076e806bc1ec15693c5d0104683f2efe857f61056a9"
dependencies = [
 "windows-targets 0.48.5",
]

[[package]]
name = "windows-targets"
version = "0.48.5"
source = "registry+https://github.com/rust-lang/crates.io-index"
checksum = "9a2fa6e2155d7247be68c096456083145c183cbbbc2764150dda45a87197940c"
dependencies = [
 "windows_aarch64_gnullvm 0.48.5",
 "windows_aarch64_msvc 0.48.5",
 "windows_i686_gnu 0.48.5",
 "windows_i686_msvc 0.48.5",
 "windows_x86_64_gnu 0.48.5",
 "windows_x86_64_gnullvm 0.48.5",
 "windows_x86_64_msvc 0.48.5",
]

[[package]]
name = "windows-targets"
version = "0.52.4"
source = "registry+https://github.com/rust-lang/crates.io-index"
checksum = "7dd37b7e5ab9018759f893a1952c9420d060016fc19a472b4bb20d1bdd694d1b"
dependencies = [
 "windows_aarch64_gnullvm 0.52.4",
 "windows_aarch64_msvc 0.52.4",
 "windows_i686_gnu 0.52.4",
 "windows_i686_msvc 0.52.4",
 "windows_x86_64_gnu 0.52.4",
 "windows_x86_64_gnullvm 0.52.4",
 "windows_x86_64_msvc 0.52.4",
]

[[package]]
name = "windows_aarch64_gnullvm"
version = "0.48.5"
source = "registry+https://github.com/rust-lang/crates.io-index"
checksum = "2b38e32f0abccf9987a4e3079dfb67dcd799fb61361e53e2882c3cbaf0d905d8"

[[package]]
name = "windows_aarch64_gnullvm"
version = "0.52.4"
source = "registry+https://github.com/rust-lang/crates.io-index"
checksum = "bcf46cf4c365c6f2d1cc93ce535f2c8b244591df96ceee75d8e83deb70a9cac9"

[[package]]
name = "windows_aarch64_msvc"
version = "0.48.5"
source = "registry+https://github.com/rust-lang/crates.io-index"
checksum = "dc35310971f3b2dbbf3f0690a219f40e2d9afcf64f9ab7cc1be722937c26b4bc"

[[package]]
name = "windows_aarch64_msvc"
version = "0.52.4"
source = "registry+https://github.com/rust-lang/crates.io-index"
checksum = "da9f259dd3bcf6990b55bffd094c4f7235817ba4ceebde8e6d11cd0c5633b675"

[[package]]
name = "windows_i686_gnu"
version = "0.48.5"
source = "registry+https://github.com/rust-lang/crates.io-index"
checksum = "a75915e7def60c94dcef72200b9a8e58e5091744960da64ec734a6c6e9b3743e"

[[package]]
name = "windows_i686_gnu"
version = "0.52.4"
source = "registry+https://github.com/rust-lang/crates.io-index"
checksum = "b474d8268f99e0995f25b9f095bc7434632601028cf86590aea5c8a5cb7801d3"

[[package]]
name = "windows_i686_msvc"
version = "0.48.5"
source = "registry+https://github.com/rust-lang/crates.io-index"
checksum = "8f55c233f70c4b27f66c523580f78f1004e8b5a8b659e05a4eb49d4166cca406"

[[package]]
name = "windows_i686_msvc"
version = "0.52.4"
source = "registry+https://github.com/rust-lang/crates.io-index"
checksum = "1515e9a29e5bed743cb4415a9ecf5dfca648ce85ee42e15873c3cd8610ff8e02"

[[package]]
name = "windows_x86_64_gnu"
version = "0.48.5"
source = "registry+https://github.com/rust-lang/crates.io-index"
checksum = "53d40abd2583d23e4718fddf1ebec84dbff8381c07cae67ff7768bbf19c6718e"

[[package]]
name = "windows_x86_64_gnu"
version = "0.52.4"
source = "registry+https://github.com/rust-lang/crates.io-index"
checksum = "5eee091590e89cc02ad514ffe3ead9eb6b660aedca2183455434b93546371a03"

[[package]]
name = "windows_x86_64_gnullvm"
version = "0.48.5"
source = "registry+https://github.com/rust-lang/crates.io-index"
checksum = "0b7b52767868a23d5bab768e390dc5f5c55825b6d30b86c844ff2dc7414044cc"

[[package]]
name = "windows_x86_64_gnullvm"
version = "0.52.4"
source = "registry+https://github.com/rust-lang/crates.io-index"
checksum = "77ca79f2451b49fa9e2af39f0747fe999fcda4f5e241b2898624dca97a1f2177"

[[package]]
name = "windows_x86_64_msvc"
version = "0.48.5"
source = "registry+https://github.com/rust-lang/crates.io-index"
checksum = "ed94fce61571a4006852b7389a063ab983c02eb1bb37b47f8272ce92d06d9538"

[[package]]
name = "windows_x86_64_msvc"
version = "0.52.4"
source = "registry+https://github.com/rust-lang/crates.io-index"
checksum = "32b752e52a2da0ddfbdbcc6fceadfeede4c939ed16d13e648833a61dfb611ed8"

[[package]]
name = "winnow"
version = "0.6.5"
source = "registry+https://github.com/rust-lang/crates.io-index"
checksum = "dffa400e67ed5a4dd237983829e66475f0a4a26938c4b04c21baede6262215b8"
dependencies = [
 "memchr",
]
